
Microsoft Visual Studio Solution File, Format Version 12.00
# Visual Studio Version 17
VisualStudioVersion = 17.8.34316.72
MinimumVisualStudioVersion = 10.0.40219.1
Project("{FAE04EC0-301F-11D3-BF4B-00C04F79EFBC}") = "jefes_BloonsTd6", "jefes_BloonsTd6\jefes_BloonsTd6.csproj", "{AA615710-1B35-4769-9EB3-CA8D8D6ABDDB}"
EndProject
Global
	GlobalSection(SolutionConfigurationPlatforms) = preSolution
		Debug|Any CPU = Debug|Any CPU
		Release|Any CPU = Release|Any CPU
	EndGlobalSection
	GlobalSection(ProjectConfigurationPlatforms) = postSolution
		{AA615710-1B35-4769-9EB3-CA8D8D6ABDDB}.Debug|Any CPU.ActiveCfg = Debug|Any CPU
		{AA615710-1B35-4769-9EB3-CA8D8D6ABDDB}.Debug|Any CPU.Build.0 = Debug|Any CPU
		{AA615710-1B35-4769-9EB3-CA8D8D6ABDDB}.Release|Any CPU.ActiveCfg = Release|Any CPU
		{AA615710-1B35-4769-9EB3-CA8D8D6ABDDB}.Release|Any CPU.Build.0 = Release|Any CPU
	EndGlobalSection
	GlobalSection(SolutionProperties) = preSolution
		HideSolutionNode = FALSE
	EndGlobalSection
	GlobalSection(ExtensibilityGlobals) = postSolution
		SolutionGuid = {53B41410-76ED-4B9E-B598-5BE267EB02F9}
	EndGlobalSection
EndGlobal
